
Microsoft Visual Studio Solution File, Format Version 12.00
# Visual Studio Version 17
VisualStudioVersion = 17.9.34616.47
MinimumVisualStudioVersion = 10.0.40219.1
Project("{FAE04EC0-301F-11D3-BF4B-00C04F79EFBC}") = "DataSets & DataTables", "DataSets & DataTables.csproj", "{207C1AAD-3B53-48D6-A902-299A0F35DEED}"
EndProject
Global
	GlobalSection(SolutionConfigurationPlatforms) = preSolution
		Debug|Any CPU = Debug|Any CPU
		Release|Any CPU = Release|Any CPU
	EndGlobalSection
	GlobalSection(ProjectConfigurationPlatforms) = postSolution
		{207C1AAD-3B53-48D6-A902-299A0F35DEED}.Debug|Any CPU.ActiveCfg = Debug|Any CPU
		{207C1AAD-3B53-48D6-A902-299A0F35DEED}.Debug|Any CPU.Build.0 = Debug|Any CPU
		{207C1AAD-3B53-48D6-A902-299A0F35DEED}.Release|Any CPU.ActiveCfg = Release|Any CPU
		{207C1AAD-3B53-48D6-A902-299A0F35DEED}.Release|Any CPU.Build.0 = Release|Any CPU
	EndGlobalSection
	GlobalSection(SolutionProperties) = preSolution
		HideSolutionNode = FALSE
	EndGlobalSection
	GlobalSection(ExtensibilityGlobals) = postSolution
		SolutionGuid = {5F1191DB-853B-4DD2-9210-645474F1ADF9}
	EndGlobalSection
EndGlobal
